// !$*UTF8*$!
{
	archiveVersion = 1;
	classes = {
	};
	objectVersion = 55;
	objects = {

/* Begin PBXBuildFile section */
		60CFEC5721A81F450F317EA4 /* Pods_ToDo_App.framework in Frameworks */ = {isa = PBXBuildFile; fileRef = D8A0BE1DAB3248D7C6B6CD7A /* Pods_ToDo_App.framework */; };
		F922AC44270EC632008BF6B8 /* AppDelegate.swift in Sources */ = {isa = PBXBuildFile; fileRef = F922AC43270EC632008BF6B8 /* AppDelegate.swift */; };
		F922AC46270EC632008BF6B8 /* SceneDelegate.swift in Sources */ = {isa = PBXBuildFile; fileRef = F922AC45270EC632008BF6B8 /* SceneDelegate.swift */; };
		F922AC48270EC632008BF6B8 /* ViewController.swift in Sources */ = {isa = PBXBuildFile; fileRef = F922AC47270EC632008BF6B8 /* ViewController.swift */; };
		F922AC4B270EC632008BF6B8 /* Main.storyboard in Resources */ = {isa = PBXBuildFile; fileRef = F922AC49270EC632008BF6B8 /* Main.storyboard */; };
		F922AC4D270EC633008BF6B8 /* Assets.xcassets in Resources */ = {isa = PBXBuildFile; fileRef = F922AC4C270EC633008BF6B8 /* Assets.xcassets */; };
		F922AC50270EC633008BF6B8 /* LaunchScreen.storyboard in Resources */ = {isa = PBXBuildFile; fileRef = F922AC4E270EC633008BF6B8 /* LaunchScreen.storyboard */; };
		F922AC59270ED148008BF6B8 /* TodoTableViewCell.swift in Sources */ = {isa = PBXBuildFile; fileRef = F922AC57270ED148008BF6B8 /* TodoTableViewCell.swift */; };
		F922AC5A270ED148008BF6B8 /* TodoTableViewCell.xib in Resources */ = {isa = PBXBuildFile; fileRef = F922AC58270ED148008BF6B8 /* TodoTableViewCell.xib */; };
		F922AC5C270F0DC0008BF6B8 /* AddTaskWindow.storyboard in Resources */ = {isa = PBXBuildFile; fileRef = F922AC5B270F0DC0008BF6B8 /* AddTaskWindow.storyboard */; };
		F922AC5F27104855008BF6B8 /* TaskModel.swift in Sources */ = {isa = PBXBuildFile; fileRef = F922AC5E27104855008BF6B8 /* TaskModel.swift */; };
		F9357E3F271D77C1002000E8 /* DeleteTask.storyboard in Resources */ = {isa = PBXBuildFile; fileRef = F9357E3E271D77C1002000E8 /* DeleteTask.storyboard */; };
		F944A24C27143B6700803B9A /* AddTaskWindow.swift in Sources */ = {isa = PBXBuildFile; fileRef = F944A24B27143B6700803B9A /* AddTaskWindow.swift */; };
		F9B12A2A2715595200907BE1 /* TodoViewModel.swift in Sources */ = {isa = PBXBuildFile; fileRef = F9B12A292715595200907BE1 /* TodoViewModel.swift */; };
		F9D5DE54271D813F0024484F /* DeleteTaskViewController.swift in Sources */ = {isa = PBXBuildFile; fileRef = F9D5DE53271D813F0024484F /* DeleteTaskViewController.swift */; };
/* End PBXBuildFile section */

/* Begin PBXFileReference section */
		12A26474820D5AB6A8182D39 /* Pods-ToDo App.debug.xcconfig */ = {isa = PBXFileReference; includeInIndex = 1; lastKnownFileType = text.xcconfig; name = "Pods-ToDo App.debug.xcconfig"; path = "Target Support Files/Pods-ToDo App/Pods-ToDo App.debug.xcconfig"; sourceTree = "<group>"; };
		D8A0BE1DAB3248D7C6B6CD7A /* Pods_ToDo_App.framework */ = {isa = PBXFileReference; explicitFileType = wrapper.framework; includeInIndex = 0; path = Pods_ToDo_App.framework; sourceTree = BUILT_PRODUCTS_DIR; };
		F2E8B514AA812FBB9BD5E743 /* Pods-ToDo App.release.xcconfig */ = {isa = PBXFileReference; includeInIndex = 1; lastKnownFileType = text.xcconfig; name = "Pods-ToDo App.release.xcconfig"; path = "Target Support Files/Pods-ToDo App/Pods-ToDo App.release.xcconfig"; sourceTree = "<group>"; };
		F922AC40270EC632008BF6B8 /* ToDo App.app */ = {isa = PBXFileReference; explicitFileType = wrapper.application; includeInIndex = 0; path = "ToDo App.app"; sourceTree = BUILT_PRODUCTS_DIR; };
		F922AC43270EC632008BF6B8 /* AppDelegate.swift */ = {isa = PBXFileReference; lastKnownFileType = sourcecode.swift; path = AppDelegate.swift; sourceTree = "<group>"; };
		F922AC45270EC632008BF6B8 /* SceneDelegate.swift */ = {isa = PBXFileReference; lastKnownFileType = sourcecode.swift; path = SceneDelegate.swift; sourceTree = "<group>"; };
		F922AC47270EC632008BF6B8 /* ViewController.swift */ = {isa = PBXFileReference; lastKnownFileType = sourcecode.swift; path = ViewController.swift; sourceTree = "<group>"; };
		F922AC4A270EC632008BF6B8 /* Base */ = {isa = PBXFileReference; lastKnownFileType = file.storyboard; name = Base; path = Base.lproj/Main.storyboard; sourceTree = "<group>"; };
		F922AC4C270EC633008BF6B8 /* Assets.xcassets */ = {isa = PBXFileReference; lastKnownFileType = folder.assetcatalog; path = Assets.xcassets; sourceTree = "<group>"; };
		F922AC4F270EC633008BF6B8 /* Base */ = {isa = PBXFileReference; lastKnownFileType = file.storyboard; name = Base; path = Base.lproj/LaunchScreen.storyboard; sourceTree = "<group>"; };
		F922AC51270EC633008BF6B8 /* Info.plist */ = {isa = PBXFileReference; lastKnownFileType = text.plist.xml; path = Info.plist; sourceTree = "<group>"; };
		F922AC57270ED148008BF6B8 /* TodoTableViewCell.swift */ = {isa = PBXFileReference; lastKnownFileType = sourcecode.swift; path = TodoTableViewCell.swift; sourceTree = "<group>"; };
		F922AC58270ED148008BF6B8 /* TodoTableViewCell.xib */ = {isa = PBXFileReference; lastKnownFileType = file.xib; path = TodoTableViewCell.xib; sourceTree = "<group>"; };
		F922AC5B270F0DC0008BF6B8 /* AddTaskWindow.storyboard */ = {isa = PBXFileReference; lastKnownFileType = file.storyboard; path = AddTaskWindow.storyboard; sourceTree = "<group>"; };
		F922AC5E27104855008BF6B8 /* TaskModel.swift */ = {isa = PBXFileReference; lastKnownFileType = sourcecode.swift; path = TaskModel.swift; sourceTree = "<group>"; };
		F9357E3E271D77C1002000E8 /* DeleteTask.storyboard */ = {isa = PBXFileReference; lastKnownFileType = file.storyboard; path = DeleteTask.storyboard; sourceTree = "<group>"; };
		F944A24B27143B6700803B9A /* AddTaskWindow.swift */ = {isa = PBXFileReference; lastKnownFileType = sourcecode.swift; path = AddTaskWindow.swift; sourceTree = "<group>"; };
		F9B12A292715595200907BE1 /* TodoViewModel.swift */ = {isa = PBXFileReference; lastKnownFileType = sourcecode.swift; path = TodoViewModel.swift; sourceTree = "<group>"; };
		F9D5DE53271D813F0024484F /* DeleteTaskViewController.swift */ = {isa = PBXFileReference; lastKnownFileType = sourcecode.swift; path = DeleteTaskViewController.swift; sourceTree = "<group>"; };
/* End PBXFileReference section */

/* Begin PBXFrameworksBuildPhase section */
		F922AC3D270EC632008BF6B8 /* Frameworks */ = {
			isa = PBXFrameworksBuildPhase;
			buildActionMask = 2147483647;
			files = (
				60CFEC5721A81F450F317EA4 /* Pods_ToDo_App.framework in Frameworks */,
			);
			runOnlyForDeploymentPostprocessing = 0;
		};
/* End PBXFrameworksBuildPhase section */

/* Begin PBXGroup section */
		3E99306B714EF304D6C7B268 /* Pods */ = {
			isa = PBXGroup;
			children = (
				12A26474820D5AB6A8182D39 /* Pods-ToDo App.debug.xcconfig */,
				F2E8B514AA812FBB9BD5E743 /* Pods-ToDo App.release.xcconfig */,
			);
			path = Pods;
			sourceTree = "<group>";
		};
		A86A915F98DD509E146E4A3E /* Frameworks */ = {
			isa = PBXGroup;
			children = (
				D8A0BE1DAB3248D7C6B6CD7A /* Pods_ToDo_App.framework */,
			);
			name = Frameworks;
			sourceTree = "<group>";
		};
		F922AC37270EC632008BF6B8 = {
			isa = PBXGroup;
			children = (
				F922AC42270EC632008BF6B8 /* ToDo App */,
				F922AC41270EC632008BF6B8 /* Products */,
				3E99306B714EF304D6C7B268 /* Pods */,
				A86A915F98DD509E146E4A3E /* Frameworks */,
			);
			sourceTree = "<group>";
		};
		F922AC41270EC632008BF6B8 /* Products */ = {
			isa = PBXGroup;
			children = (
				F922AC40270EC632008BF6B8 /* ToDo App.app */,
			);
			name = Products;
			sourceTree = "<group>";
		};
		F922AC42270EC632008BF6B8 /* ToDo App */ = {
			isa = PBXGroup;
			children = (
				F9357E3B271D4695002000E8 /* View Controller */,
				F9357E3A271D467C002000E8 /* View */,
				F997B40F2715232E00B68803 /* View Model */,
				F922AC5D2710483A008BF6B8 /* Model */,
				F922AC43270EC632008BF6B8 /* AppDelegate.swift */,
				F922AC45270EC632008BF6B8 /* SceneDelegate.swift */,
				F922AC4C270EC633008BF6B8 /* Assets.xcassets */,
				F922AC51270EC633008BF6B8 /* Info.plist */,
			);
			path = "ToDo App";
			sourceTree = "<group>";
		};
		F922AC5D2710483A008BF6B8 /* Model */ = {
			isa = PBXGroup;
			children = (
				F922AC5E27104855008BF6B8 /* TaskModel.swift */,
			);
			path = Model;
			sourceTree = "<group>";
		};
		F9357E3A271D467C002000E8 /* View */ = {
			isa = PBXGroup;
			children = (
				F922AC49270EC632008BF6B8 /* Main.storyboard */,
				F922AC4E270EC633008BF6B8 /* LaunchScreen.storyboard */,
				F922AC58270ED148008BF6B8 /* TodoTableViewCell.xib */,
				F922AC5B270F0DC0008BF6B8 /* AddTaskWindow.storyboard */,
				F9357E3E271D77C1002000E8 /* DeleteTask.storyboard */,
			);
			path = View;
			sourceTree = "<group>";
		};
		F9357E3B271D4695002000E8 /* View Controller */ = {
			isa = PBXGroup;
			children = (
				F922AC47270EC632008BF6B8 /* ViewController.swift */,
				F922AC57270ED148008BF6B8 /* TodoTableViewCell.swift */,
				F944A24B27143B6700803B9A /* AddTaskWindow.swift */,
				F9D5DE53271D813F0024484F /* DeleteTaskViewController.swift */,
			);
			path = "View Controller";
			sourceTree = "<group>";
		};
		F997B40F2715232E00B68803 /* View Model */ = {
			isa = PBXGroup;
			children = (
				F9B12A292715595200907BE1 /* TodoViewModel.swift */,
			);
			path = "View Model";
			sourceTree = "<group>";
		};
/* End PBXGroup section */

/* Begin PBXNativeTarget section */
		F922AC3F270EC632008BF6B8 /* ToDo App */ = {
			isa = PBXNativeTarget;
			buildConfigurationList = F922AC54270EC633008BF6B8 /* Build configuration list for PBXNativeTarget "ToDo App" */;
			buildPhases = (
				A70D84E9664FB46AAF7191FA /* [CP] Check Pods Manifest.lock */,
				F922AC3C270EC632008BF6B8 /* Sources */,
				F922AC3D270EC632008BF6B8 /* Frameworks */,
				F922AC3E270EC632008BF6B8 /* Resources */,
				35663F6ACB1F32E9EEAEAD53 /* [CP] Embed Pods Frameworks */,
			);
			buildRules = (
			);
			dependencies = (
			);
			name = "ToDo App";
			productName = "ToDo App";
			productReference = F922AC40270EC632008BF6B8 /* ToDo App.app */;
			productType = "com.apple.product-type.application";
		};
/* End PBXNativeTarget section */

/* Begin PBXProject section */
		F922AC38270EC632008BF6B8 /* Project object */ = {
			isa = PBXProject;
			attributes = {
				BuildIndependentTargetsInParallel = 1;
				LastSwiftUpdateCheck = 1300;
				LastUpgradeCheck = 1300;
				TargetAttributes = {
					F922AC3F270EC632008BF6B8 = {
						CreatedOnToolsVersion = 13.0;
					};
				};
			};
			buildConfigurationList = F922AC3B270EC632008BF6B8 /* Build configuration list for PBXProject "ToDo App" */;
			compatibilityVersion = "Xcode 13.0";
			developmentRegion = en;
			hasScannedForEncodings = 0;
			knownRegions = (
				en,
				Base,
			);
			mainGroup = F922AC37270EC632008BF6B8;
			productRefGroup = F922AC41270EC632008BF6B8 /* Products */;
			projectDirPath = "";
			projectRoot = "";
			targets = (
				F922AC3F270EC632008BF6B8 /* ToDo App */,
			);
		};
/* End PBXProject section */

/* Begin PBXResourcesBuildPhase section */
		F922AC3E270EC632008BF6B8 /* Resources */ = {
			isa = PBXResourcesBuildPhase;
			buildActionMask = 2147483647;
			files = (
				F9357E3F271D77C1002000E8 /* DeleteTask.storyboard in Resources */,
				F922AC50270EC633008BF6B8 /* LaunchScreen.storyboard in Resources */,
				F922AC5C270F0DC0008BF6B8 /* AddTaskWindow.storyboard in Resources */,
				F922AC4D270EC633008BF6B8 /* Assets.xcassets in Resources */,
				F922AC4B270EC632008BF6B8 /* Main.storyboard in Resources */,
				F922AC5A270ED148008BF6B8 /* TodoTableViewCell.xib in Resources */,
			);
			runOnlyForDeploymentPostprocessing = 0;
		};
/* End PBXResourcesBuildPhase section */

/* Begin PBXShellScriptBuildPhase section */
		35663F6ACB1F32E9EEAEAD53 /* [CP] Embed Pods Frameworks */ = {
			isa = PBXShellScriptBuildPhase;
			buildActionMask = 2147483647;
			files = (
			);
			inputFileListPaths = (
				"${PODS_ROOT}/Target Support Files/Pods-ToDo App/Pods-ToDo App-frameworks-${CONFIGURATION}-input-files.xcfilelist",
			);
			name = "[CP] Embed Pods Frameworks";
			outputFileListPaths = (
				"${PODS_ROOT}/Target Support Files/Pods-ToDo App/Pods-ToDo App-frameworks-${CONFIGURATION}-output-files.xcfilelist",
			);
			runOnlyForDeploymentPostprocessing = 0;
			shellPath = /bin/sh;
			shellScript = "\"${PODS_ROOT}/Target Support Files/Pods-ToDo App/Pods-ToDo App-frameworks.sh\"\n";
			showEnvVarsInLog = 0;
		};
		A70D84E9664FB46AAF7191FA /* [CP] Check Pods Manifest.lock */ = {
			isa = PBXShellScriptBuildPhase;
			buildActionMask = 2147483647;
			files = (
			);
			inputFileListPaths = (
			);
			inputPaths = (
				"${PODS_PODFILE_DIR_PATH}/Podfile.lock",
				"${PODS_ROOT}/Manifest.lock",
			);
			name = "[CP] Check Pods Manifest.lock";
			outputFileListPaths = (
			);
			outputPaths = (
				"$(DERIVED_FILE_DIR)/Pods-ToDo App-checkManifestLockResult.txt",
			);
			runOnlyForDeploymentPostprocessing = 0;
			shellPath = /bin/sh;
			shellScript = "diff \"${PODS_PODFILE_DIR_PATH}/Podfile.lock\" \"${PODS_ROOT}/Manifest.lock\" > /dev/null\nif [ $? != 0 ] ; then\n    # print error to STDERR\n    echo \"error: The sandbox is not in sync with the Podfile.lock. Run 'pod install' or update your CocoaPods installation.\" >&2\n    exit 1\nfi\n# This output is used by Xcode 'outputs' to avoid re-running this script phase.\necho \"SUCCESS\" > \"${SCRIPT_OUTPUT_FILE_0}\"\n";
			showEnvVarsInLog = 0;
		};
/* End PBXShellScriptBuildPhase section */

/* Begin PBXSourcesBuildPhase section */
		F922AC3C270EC632008BF6B8 /* Sources */ = {
			isa = PBXSourcesBuildPhase;
			buildActionMask = 2147483647;
			files = (
				F944A24C27143B6700803B9A /* AddTaskWindow.swift in Sources */,
				F922AC48270EC632008BF6B8 /* ViewController.swift in Sources */,
				F922AC44270EC632008BF6B8 /* AppDelegate.swift in Sources */,
				F922AC5F27104855008BF6B8 /* TaskModel.swift in Sources */,
				F9B12A2A2715595200907BE1 /* TodoViewModel.swift in Sources */,
				F922AC46270EC632008BF6B8 /* SceneDelegate.swift in Sources */,
				F9D5DE54271D813F0024484F /* DeleteTaskViewController.swift in Sources */,
				F922AC59270ED148008BF6B8 /* TodoTableViewCell.swift in Sources */,
			);
			runOnlyForDeploymentPostprocessing = 0;
		};
/* End PBXSourcesBuildPhase section */

/* Begin PBXVariantGroup section */
		F922AC49270EC632008BF6B8 /* Main.storyboard */ = {
			isa = PBXVariantGroup;
			children = (
				F922AC4A270EC632008BF6B8 /* Base */,
			);
			name = Main.storyboard;
			sourceTree = "<group>";
		};
		F922AC4E270EC633008BF6B8 /* LaunchScreen.storyboard */ = {
			isa = PBXVariantGroup;
			children = (
				F922AC4F270EC633008BF6B8 /* Base */,
			);
			name = LaunchScreen.storyboard;
			sourceTree = "<group>";
		};
/* End PBXVariantGroup section */

/* Begin XCBuildConfiguration section */
		F922AC52270EC633008BF6B8 /* Debug */ = {
			isa = XCBuildConfiguration;
			buildSettings = {
				ALWAYS_SEARCH_USER_PATHS = NO;
				CLANG_ANALYZER_NONNULL = YES;
				CLANG_ANALYZER_NUMBER_OBJECT_CONVERSION = YES_AGGRESSIVE;
				CLANG_CXX_LANGUAGE_STANDARD = "gnu++17";
				CLANG_CXX_LIBRARY = "libc++";
				CLANG_ENABLE_MODULES = YES;
				CLANG_ENABLE_OBJC_ARC = YES;
				CLANG_ENABLE_OBJC_WEAK = YES;
				CLANG_WARN_BLOCK_CAPTURE_AUTORELEASING = YES;
				CLANG_WARN_BOOL_CONVERSION = YES;
				CLANG_WARN_COMMA = YES;
				CLANG_WARN_CONSTANT_CONVERSION = YES;
				CLANG_WARN_DEPRECATED_OBJC_IMPLEMENTATIONS = YES;
				CLANG_WARN_DIRECT_OBJC_ISA_USAGE = YES_ERROR;
				CLANG_WARN_DOCUMENTATION_COMMENTS = YES;
				CLANG_WARN_EMPTY_BODY = YES;
				CLANG_WARN_ENUM_CONVERSION = YES;
				CLANG_WARN_INFINITE_RECURSION = YES;
				CLANG_WARN_INT_CONVERSION = YES;
				CLANG_WARN_NON_LITERAL_NULL_CONVERSION = YES;
				CLANG_WARN_OBJC_IMPLICIT_RETAIN_SELF = YES;
				CLANG_WARN_OBJC_LITERAL_CONVERSION = YES;
				CLANG_WARN_OBJC_ROOT_CLASS = YES_ERROR;
				CLANG_WARN_QUOTED_INCLUDE_IN_FRAMEWORK_HEADER = YES;
				CLANG_WARN_RANGE_LOOP_ANALYSIS = YES;
				CLANG_WARN_STRICT_PROTOTYPES = YES;
				CLANG_WARN_SUSPICIOUS_MOVE = YES;
				CLANG_WARN_UNGUARDED_AVAILABILITY = YES_AGGRESSIVE;
				CLANG_WARN_UNREACHABLE_CODE = YES;
				CLANG_WARN__DUPLICATE_METHOD_MATCH = YES;
				COPY_PHASE_STRIP = NO;
				DEBUG_INFORMATION_FORMAT = dwarf;
				ENABLE_STRICT_OBJC_MSGSEND = YES;
				ENABLE_TESTABILITY = YES;
				GCC_C_LANGUAGE_STANDARD = gnu11;
				GCC_DYNAMIC_NO_PIC = NO;
				GCC_NO_COMMON_BLOCKS = YES;
				GCC_OPTIMIZATION_LEVEL = 0;
				GCC_PREPROCESSOR_DEFINITIONS = (
					"DEBUG=1",
					"$(inherited)",
				);
				GCC_WARN_64_TO_32_BIT_CONVERSION = YES;
				GCC_WARN_ABOUT_RETURN_TYPE = YES_ERROR;
				GCC_WARN_UNDECLARED_SELECTOR = YES;
				GCC_WARN_UNINITIALIZED_AUTOS = YES_AGGRESSIVE;
				GCC_WARN_UNUSED_FUNCTION = YES;
				GCC_WARN_UNUSED_VARIABLE = YES;
				IPHONEOS_DEPLOYMENT_TARGET = 15.0;
				MTL_ENABLE_DEBUG_INFO = INCLUDE_SOURCE;
				MTL_FAST_MATH = YES;
				ONLY_ACTIVE_ARCH = YES;
				SDKROOT = iphoneos;
				SWIFT_ACTIVE_COMPILATION_CONDITIONS = DEBUG;
				SWIFT_OPTIMIZATION_LEVEL = "-Onone";
			};
			name = Debug;
		};
		F922AC53270EC633008BF6B8 /* Release */ = {
			isa = XCBuildConfiguration;
			buildSettings = {
				ALWAYS_SEARCH_USER_PATHS = NO;
				CLANG_ANALYZER_NONNULL = YES;
				CLANG_ANALYZER_NUMBER_OBJECT_CONVERSION = YES_AGGRESSIVE;
				CLANG_CXX_LANGUAGE_STANDARD = "gnu++17";
				CLANG_CXX_LIBRARY = "libc++";
				CLANG_ENABLE_MODULES = YES;
				CLANG_ENABLE_OBJC_ARC = YES;
				CLANG_ENABLE_OBJC_WEAK = YES;
				CLANG_WARN_BLOCK_CAPTURE_AUTORELEASING = YES;
				CLANG_WARN_BOOL_CONVERSION = YES;
				CLANG_WARN_COMMA = YES;
				CLANG_WARN_CONSTANT_CONVERSION = YES;
				CLANG_WARN_DEPRECATED_OBJC_IMPLEMENTATIONS = YES;
				CLANG_WARN_DIRECT_OBJC_ISA_USAGE = YES_ERROR;
				CLANG_WARN_DOCUMENTATION_COMMENTS = YES;
				CLANG_WARN_EMPTY_BODY = YES;
				CLANG_WARN_ENUM_CONVERSION = YES;
				CLANG_WARN_INFINITE_RECURSION = YES;
				CLANG_WARN_INT_CONVERSION = YES;
				CLANG_WARN_NON_LITERAL_NULL_CONVERSION = YES;
				CLANG_WARN_OBJC_IMPLICIT_RETAIN_SELF = YES;
				CLANG_WARN_OBJC_LITERAL_CONVERSION = YES;
				CLANG_WARN_OBJC_ROOT_CLASS = YES_ERROR;
				CLANG_WARN_QUOTED_INCLUDE_IN_FRAMEWORK_HEADER = YES;
				CLANG_WARN_RANGE_LOOP_ANALYSIS = YES;
				CLANG_WARN_STRICT_PROTOTYPES = YES;
				CLANG_WARN_SUSPICIOUS_MOVE = YES;
				CLANG_WARN_UNGUARDED_AVAILABILITY = YES_AGGRESSIVE;
				CLANG_WARN_UNREACHABLE_CODE = YES;
				CLANG_WARN__DUPLICATE_METHOD_MATCH = YES;
				COPY_PHASE_STRIP = NO;
				DEBUG_INFORMATION_FORMAT = "dwarf-with-dsym";
				ENABLE_NS_ASSERTIONS = NO;
				ENABLE_STRICT_OBJC_MSGSEND = YES;
				GCC_C_LANGUAGE_STANDARD = gnu11;
				GCC_NO_COMMON_BLOCKS = YES;
				GCC_WARN_64_TO_32_BIT_CONVERSION = YES;
				GCC_WARN_ABOUT_RETURN_TYPE = YES_ERROR;
				GCC_WARN_UNDECLARED_SELECTOR = YES;
				GCC_WARN_UNINITIALIZED_AUTOS = YES_AGGRESSIVE;
				GCC_WARN_UNUSED_FUNCTION = YES;
				GCC_WARN_UNUSED_VARIABLE = YES;
				IPHONEOS_DEPLOYMENT_TARGET = 15.0;
				MTL_ENABLE_DEBUG_INFO = NO;
				MTL_FAST_MATH = YES;
				SDKROOT = iphoneos;
				SWIFT_COMPILATION_MODE = wholemodule;
				SWIFT_OPTIMIZATION_LEVEL = "-O";
				VALIDATE_PRODUCT = YES;
			};
			name = Release;
		};
		F922AC55270EC633008BF6B8 /* Debug */ = {
			isa = XCBuildConfiguration;
			baseConfigurationReference = 12A26474820D5AB6A8182D39 /* Pods-ToDo App.debug.xcconfig */;
			buildSettings = {
				ASSETCATALOG_COMPILER_APPICON_NAME = AppIcon;
				ASSETCATALOG_COMPILER_GLOBAL_ACCENT_COLOR_NAME = AccentColor;
				CODE_SIGN_STYLE = Automatic;
				CURRENT_PROJECT_VERSION = 1;
				GENERATE_INFOPLIST_FILE = YES;
				INFOPLIST_FILE = "ToDo App/Info.plist";
				INFOPLIST_KEY_UIApplicationSupportsIndirectInputEvents = YES;
				INFOPLIST_KEY_UILaunchStoryboardName = LaunchScreen;
				INFOPLIST_KEY_UIMainStoryboardFile = Main;
				INFOPLIST_KEY_UISupportedInterfaceOrientations_iPad = "UIInterfaceOrientationPortrait UIInterfaceOrientationPortraitUpsideDown UIInterfaceOrientationLandscapeLeft UIInterfaceOrientationLandscapeRight";
				INFOPLIST_KEY_UISupportedInterfaceOrientations_iPhone = "UIInterfaceOrientationPortrait UIInterfaceOrientationLandscapeLeft UIInterfaceOrientationLandscapeRight";
				LD_RUNPATH_SEARCH_PATHS = (
					"$(inherited)",
					"@executable_path/Frameworks",
				);
				MARKETING_VERSION = 1.0;
				PRODUCT_BUNDLE_IDENTIFIER = "com.julien.ToDo-App";
				PRODUCT_NAME = "$(TARGET_NAME)";
				SWIFT_EMIT_LOC_STRINGS = YES;
				SWIFT_VERSION = 5.0;
				TARGETED_DEVICE_FAMILY = "1,2";
			};
			name = Debug;
		};
		F922AC56270EC633008BF6B8 /* Release */ = {
			isa = XCBuildConfiguration;
			baseConfigurationReference = F2E8B514AA812FBB9BD5E743 /* Pods-ToDo App.release.xcconfig */;
			buildSettings = {
				ASSETCATALOG_COMPILER_APPICON_NAME = AppIcon;
				ASSETCATALOG_COMPILER_GLOBAL_ACCENT_COLOR_NAME = AccentColor;
				CODE_SIGN_STYLE = Automatic;
				CURRENT_PROJECT_VERSION = 1;
				GENERATE_INFOPLIST_FILE = YES;
				INFOPLIST_FILE = "ToDo App/Info.plist";
				INFOPLIST_KEY_UIApplicationSupportsIndirectInputEvents = YES;
				INFOPLIST_KEY_UILaunchStoryboardName = LaunchScreen;
				INFOPLIST_KEY_UIMainStoryboardFile = Main;
				INFOPLIST_KEY_UISupportedInterfaceOrientations_iPad = "UIInterfaceOrientationPortrait UIInterfaceOrientationPortraitUpsideDown UIInterfaceOrientationLandscapeLeft UIInterfaceOrientationLandscapeRight";
				INFOPLIST_KEY_UISupportedInterfaceOrientations_iPhone = "UIInterfaceOrientationPortrait UIInterfaceOrientationLandscapeLeft UIInterfaceOrientationLandscapeRight";
				LD_RUNPATH_SEARCH_PATHS = (
					"$(inherited)",
					"@executable_path/Frameworks",
				);
				MARKETING_VERSION = 1.0;
				PRODUCT_BUNDLE_IDENTIFIER = "com.julien.ToDo-App";
				PRODUCT_NAME = "$(TARGET_NAME)";
				SWIFT_EMIT_LOC_STRINGS = YES;
				SWIFT_VERSION = 5.0;
				TARGETED_DEVICE_FAMILY = "1,2";
			};
			name = Release;
		};
/* End XCBuildConfiguration section */

/* Begin XCConfigurationList section */
		F922AC3B270EC632008BF6B8 /* Build configuration list for PBXProject "ToDo App" */ = {
			isa = XCConfigurationList;
			buildConfigurations = (
				F922AC52270EC633008BF6B8 /* Debug */,
				F922AC53270EC633008BF6B8 /* Release */,
			);
			defaultConfigurationIsVisible = 0;
			defaultConfigurationName = Release;
		};
		F922AC54270EC633008BF6B8 /* Build configuration list for PBXNativeTarget "ToDo App" */ = {
			isa = XCConfigurationList;
			buildConfigurations = (
				F922AC55270EC633008BF6B8 /* Debug */,
				F922AC56270EC633008BF6B8 /* Release */,
			);
			defaultConfigurationIsVisible = 0;
			defaultConfigurationName = Release;
		};
/* End XCConfigurationList section */
	};
	rootObject = F922AC38270EC632008BF6B8 /* Project object */;
}
